<Solution>
  <Project Path="src/CleanArchitectureIdentityTemplate.Application/CleanArchitectureIdentityTemplate.Application.csproj" />
  <Project Path="src/CleanArchitectureIdentityTemplate.Domain/CleanArchitectureIdentityTemplate.Domain.csproj" />
  <Project Path="src/CleanArchitectureIdentityTemplate.Infrastructure/CleanArchitectureIdentityTemplate.Infrastructure.csproj" />
  <Project Path="src/CleanArchitectureIdentityTemplate.WebAPI/CleanArchitectureIdentityTemplate.WebAPI.csproj" />
</Solution>
